{
    "name": "@raubjo/architect-core",
    "version": "0.3.0",
    "lockfileVersion": 3,
    "requires": true,
    "packages": {
        "": {
            "name": "@raubjo/architect-core",
            "version": "0.3.0",
            "license": "MIT",
            "devDependencies": {
                "@ai-hero/sandcastle": "^0.5.10",
                "@types/react": "^19.2.14",
                "@types/react-dom": "^19.2.3",
                "bun-types": "^1.3.13",
                "fallow": "^2.67.0",
                "solid-js": "^1.9.12",
                "vue": "^3.5.34"
            },
            "peerDependencies": {
                "react": "^19.0.0",
                "react-dom": "^19.0.0",
                "reflect-metadata": "^0.2.2",
                "solid-js": "^1.9.0",
                "svelte": "^5.0.0",
                "vue": "^3.0.0"
            },
            "peerDependenciesMeta": {
                "react": {
                    "optional": true
                },
                "react-dom": {
                    "optional": true
                },
                "reflect-metadata": {
                    "optional": false
                },
                "solid-js": {
                    "optional": true
                },
                "svelte": {
                    "optional": true
                },
                "vue": {
                    "optional": true
                }
            }
        },
        "node_modules/@ai-hero/sandcastle": {
            "version": "0.5.10",
            "resolved": "https://registry.npmjs.org/@ai-hero/sandcastle/-/sandcastle-0.5.10.tgz",
            "integrity": "sha512-6nEUfWA0W5fRxEgyPrqUqqJyBsniNSM2ABKo8+5fKZ9yeBStqz7CWn0jG7HzNYa4AB5yVHKFZg5yW5kZUSbSog==",
            "dev": true,
            "license": "MIT",
            "dependencies": {
                "@clack/prompts": "^1.1.0",
                "@effect/cli": "^0.74.0",
                "@effect/platform": "^0.95.0",
                "@effect/platform-node": "^0.105.0",
                "@effect/printer": "^0.48.0",
                "@effect/printer-ansi": "^0.48.0",
                "effect": "^3.20.0"
            },
            "bin": {
                "sandcastle": "dist/main.js"
            },
            "peerDependencies": {
                "@daytona/sdk": "^0.164.0",
                "@vercel/sandbox": ">=1.0.0"
            },
            "peerDependenciesMeta": {
                "@daytona/sdk": {
                    "optional": true
                },
                "@vercel/sandbox": {
                    "optional": true
                }
            }
        },
        "node_modules/@babel/helper-string-parser": {
            "version": "7.27.1",
            "resolved": "https://registry.npmjs.org/@babel/helper-string-parser/-/helper-string-parser-7.27.1.tgz",
            "integrity": "sha512-qMlSxKbpRlAridDExk92nSobyDdpPijUq2DW6oDnUqd0iOGxmQjyqhMIihI9+zv4LPyZdRje2cavWPbCbWm3eA==",
            "dev": true,
            "license": "MIT",
            "engines": {
                "node": ">=6.9.0"
            }
        },
        "node_modules/@babel/helper-validator-identifier": {
            "version": "7.28.5",
            "resolved": "https://registry.npmjs.org/@babel/helper-validator-identifier/-/helper-validator-identifier-7.28.5.tgz",
            "integrity": "sha512-qSs4ifwzKJSV39ucNjsvc6WVHs6b7S03sOh2OcHF9UHfVPqWWALUsNUVzhSBiItjRZoLHx7nIarVjqKVusUZ1Q==",
            "dev": true,
            "license": "MIT",
            "engines": {
                "node": ">=6.9.0"
            }
        },
        "node_modules/@babel/parser": {
            "version": "7.29.3",
            "resolved": "https://registry.npmjs.org/@babel/parser/-/parser-7.29.3.tgz",
            "integrity": "sha512-b3ctpQwp+PROvU/cttc4OYl4MzfJUWy6FZg+PMXfzmt/+39iHVF0sDfqay8TQM3JA2EUOyKcFZt75jWriQijsA==",
            "dev": true,
            "license": "MIT",
            "dependencies": {
                "@babel/types": "^7.29.0"
            },
            "bin": {
                "parser": "bin/babel-parser.js"
            },
            "engines": {
                "node": ">=6.0.0"
            }
        },
        "node_modules/@babel/types": {
            "version": "7.29.0",
            "resolved": "https://registry.npmjs.org/@babel/types/-/types-7.29.0.tgz",
            "integrity": "sha512-LwdZHpScM4Qz8Xw2iKSzS+cfglZzJGvofQICy7W7v4caru4EaAmyUuO6BGrbyQ2mYV11W0U8j5mBhd14dd3B0A==",
            "dev": true,
            "license": "MIT",
            "dependencies": {
                "@babel/helper-string-parser": "^7.27.1",
                "@babel/helper-validator-identifier": "^7.28.5"
            },
            "engines": {
                "node": ">=6.9.0"
            }
        },
        "node_modules/@clack/core": {
            "version": "1.3.0",
            "dev": true,
            "license": "MIT",
            "dependencies": {
                "fast-wrap-ansi": "^0.2.0",
                "sisteransi": "^1.0.5"
            },
            "engines": {
                "node": ">= 20.12.0"
            }
        },
        "node_modules/@clack/prompts": {
            "version": "1.3.0",
            "dev": true,
            "license": "MIT",
            "dependencies": {
                "@clack/core": "1.3.0",
                "fast-string-width": "^3.0.2",
                "fast-wrap-ansi": "^0.2.0",
                "sisteransi": "^1.0.5"
            },
            "engines": {
                "node": ">= 20.12.0"
            }
        },
        "node_modules/@effect/cli": {
            "version": "0.74.0",
            "dev": true,
            "license": "MIT",
            "dependencies": {
                "ini": "^4.1.3",
                "toml": "^3.0.0",
                "yaml": "^2.5.0"
            },
            "peerDependencies": {
                "@effect/platform": "^0.95.0",
                "@effect/printer": "^0.48.0",
                "@effect/printer-ansi": "^0.48.0",
                "effect": "^3.20.0"
            }
        },
        "node_modules/@effect/cluster": {
            "version": "0.57.0",
            "dev": true,
            "license": "MIT",
            "peer": true,
            "dependencies": {
                "kubernetes-types": "^1.30.0"
            },
            "peerDependencies": {
                "@effect/platform": "^0.95.0",
                "@effect/rpc": "^0.74.0",
                "@effect/sql": "^0.50.0",
                "@effect/workflow": "^0.17.0",
                "effect": "^3.20.0"
            }
        },
        "node_modules/@effect/experimental": {
            "version": "0.59.0",
            "dev": true,
            "license": "MIT",
            "peer": true,
            "dependencies": {
                "uuid": "^11.0.3"
            },
            "peerDependencies": {
                "@effect/platform": "^0.95.0",
                "effect": "^3.20.0",
                "ioredis": "^5",
                "lmdb": "^3"
            },
            "peerDependenciesMeta": {
                "ioredis": {
                    "optional": true
                },
                "lmdb": {
                    "optional": true
                }
            }
        },
        "node_modules/@effect/platform": {
            "version": "0.95.0",
            "dev": true,
            "license": "MIT",
            "dependencies": {
                "find-my-way-ts": "^0.1.6",
                "msgpackr": "^1.11.4",
                "multipasta": "^0.2.7"
            },
            "peerDependencies": {
                "effect": "^3.20.0"
            }
        },
        "node_modules/@effect/platform-node": {
            "version": "0.105.0",
            "dev": true,
            "license": "MIT",
            "dependencies": {
                "@effect/platform-node-shared": "^0.58.0",
                "mime": "^3.0.0",
                "undici": "^7.10.0",
                "ws": "^8.18.2"
            },
            "peerDependencies": {
                "@effect/cluster": "^0.57.0",
                "@effect/platform": "^0.95.0",
                "@effect/rpc": "^0.74.0",
                "@effect/sql": "^0.50.0",
                "effect": "^3.20.0"
            }
        },
        "node_modules/@effect/platform-node-shared": {
            "version": "0.58.0",
            "dev": true,
            "license": "MIT",
            "dependencies": {
                "@parcel/watcher": "^2.5.1",
                "multipasta": "^0.2.7",
                "ws": "^8.18.2"
            },
            "peerDependencies": {
                "@effect/cluster": "^0.57.0",
                "@effect/platform": "^0.95.0",
                "@effect/rpc": "^0.74.0",
                "@effect/sql": "^0.50.0",
                "effect": "^3.20.0"
            }
        },
        "node_modules/@effect/printer": {
            "version": "0.48.0",
            "dev": true,
            "license": "MIT",
            "peerDependencies": {
                "@effect/typeclass": "^0.39.0",
                "effect": "^3.20.0"
            }
        },
        "node_modules/@effect/printer-ansi": {
            "version": "0.48.0",
            "dev": true,
            "license": "MIT",
            "dependencies": {
                "@effect/printer": "^0.48.0"
            },
            "peerDependencies": {
                "@effect/typeclass": "^0.39.0",
                "effect": "^3.20.0"
            }
        },
        "node_modules/@effect/rpc": {
            "version": "0.74.0",
            "dev": true,
            "license": "MIT",
            "peer": true,
            "dependencies": {
                "msgpackr": "^1.11.4"
            },
            "peerDependencies": {
                "@effect/platform": "^0.95.0",
                "effect": "^3.20.0"
            }
        },
        "node_modules/@effect/sql": {
            "version": "0.50.0",
            "dev": true,
            "license": "MIT",
            "peer": true,
            "dependencies": {
                "uuid": "^11.0.3"
            },
            "peerDependencies": {
                "@effect/experimental": "^0.59.0",
                "@effect/platform": "^0.95.0",
                "effect": "^3.20.0"
            }
        },
        "node_modules/@effect/typeclass": {
            "version": "0.39.0",
            "dev": true,
            "license": "MIT",
            "peer": true,
            "peerDependencies": {
                "effect": "^3.20.0"
            }
        },
        "node_modules/@effect/workflow": {
            "version": "0.17.0",
            "dev": true,
            "license": "MIT",
            "peer": true,
            "peerDependencies": {
                "@effect/experimental": "^0.59.0",
                "@effect/platform": "^0.95.0",
                "@effect/rpc": "^0.74.0",
                "effect": "^3.20.0"
            }
        },
        "node_modules/@fallow-cli/darwin-arm64": {
            "version": "2.67.0",
            "resolved": "https://registry.npmjs.org/@fallow-cli/darwin-arm64/-/darwin-arm64-2.67.0.tgz",
            "integrity": "sha512-pDs2DyoJW8ikPxgpCV0pH6ix2DNbNrmDBNz3as1+K5fKo4d6iML3/RlNvjpQPHjxyrainfMdzFmETay+JbAR0g==",
            "cpu": [
                "arm64"
            ],
            "dev": true,
            "license": "MIT",
            "optional": true,
            "os": [
                "darwin"
            ]
        },
        "node_modules/@fallow-cli/darwin-x64": {
            "version": "2.67.0",
            "resolved": "https://registry.npmjs.org/@fallow-cli/darwin-x64/-/darwin-x64-2.67.0.tgz",
            "integrity": "sha512-My2gxdt2EURGSHmDlfvQghI6uFEKiiS2xN50lGZi0K3N9gc6+YC9Cq7wVxt5hPqiP/urMmceU4gErkI+L93s6Q==",
            "cpu": [
                "x64"
            ],
            "dev": true,
            "license": "MIT",
            "optional": true,
            "os": [
                "darwin"
            ]
        },
        "node_modules/@fallow-cli/linux-arm64-gnu": {
            "version": "2.67.0",
            "resolved": "https://registry.npmjs.org/@fallow-cli/linux-arm64-gnu/-/linux-arm64-gnu-2.67.0.tgz",
            "integrity": "sha512-4c4b9kl8H1Fqu6a4MN8GciD2A949i4dT2tBZN75oPSJo4LKHFv91Zgj/DjmVACw9KXPtTTFCqqEekCwXpwHDFA==",
            "cpu": [
                "arm64"
            ],
            "dev": true,
            "license": "MIT",
            "optional": true,
            "os": [
                "linux"
            ]
        },
        "node_modules/@fallow-cli/linux-arm64-musl": {
            "version": "2.67.0",
            "resolved": "https://registry.npmjs.org/@fallow-cli/linux-arm64-musl/-/linux-arm64-musl-2.67.0.tgz",
            "integrity": "sha512-ytP8nTtSU1vkgXkt+BpH2tk87J/d0/NYrGfO5pG2mW0wPOWzRVwFN7lP0JE612ZzKfbId0r8t+Y0WAVuOl723Q==",
            "cpu": [
                "arm64"
            ],
            "dev": true,
            "license": "MIT",
            "optional": true,
            "os": [
                "linux"
            ]
        },
        "node_modules/@fallow-cli/linux-x64-gnu": {
            "version": "2.67.0",
            "resolved": "https://registry.npmjs.org/@fallow-cli/linux-x64-gnu/-/linux-x64-gnu-2.67.0.tgz",
            "integrity": "sha512-NjNJxugyRsFpce2894KsNz88uWX+V2CzX7WmC2gSbnqAJbvwG/am9A6gf5QvYy6hiW72e5sLBoXRT5lc9fj1BQ==",
            "cpu": [
                "x64"
            ],
            "dev": true,
            "license": "MIT",
            "optional": true,
            "os": [
                "linux"
            ]
        },
        "node_modules/@fallow-cli/linux-x64-musl": {
            "version": "2.67.0",
            "resolved": "https://registry.npmjs.org/@fallow-cli/linux-x64-musl/-/linux-x64-musl-2.67.0.tgz",
            "integrity": "sha512-bjSQsvhWXrcXN3UWeA2Dehch0C1nhaVPjQkkkRBqTx/kv7YMMCsi2vu3XwEXuASAGDJkINBiwfDSlr08+aSq3A==",
            "cpu": [
                "x64"
            ],
            "dev": true,
            "license": "MIT",
            "optional": true,
            "os": [
                "linux"
            ]
        },
        "node_modules/@fallow-cli/win32-arm64-msvc": {
            "version": "2.67.0",
            "resolved": "https://registry.npmjs.org/@fallow-cli/win32-arm64-msvc/-/win32-arm64-msvc-2.67.0.tgz",
            "integrity": "sha512-kep5YQEmcHRn2mtkYYnLxjMFte+DoV0qLq6S8xIH917wEyGV8Tg+mp4sXhgl8x1Bk5JjRPMKx2BNaUK7IUaVog==",
            "cpu": [
                "arm64"
            ],
            "dev": true,
            "license": "MIT",
            "optional": true,
            "os": [
                "win32"
            ]
        },
        "node_modules/@fallow-cli/win32-x64-msvc": {
            "version": "2.67.0",
            "resolved": "https://registry.npmjs.org/@fallow-cli/win32-x64-msvc/-/win32-x64-msvc-2.67.0.tgz",
            "integrity": "sha512-nRMm9NVp0/vLeL/BLaY/DiU8uY6MAa6LTBO5qu3iNNRsDLf3Y2uQ8Tjb/gR337A/LlkfnapVHrqt9FPXvih6Kw==",
            "cpu": [
                "x64"
            ],
            "dev": true,
            "license": "MIT",
            "optional": true,
            "os": [
                "win32"
            ]
        },
        "node_modules/@jridgewell/sourcemap-codec": {
            "version": "1.5.5",
            "resolved": "https://registry.npmjs.org/@jridgewell/sourcemap-codec/-/sourcemap-codec-1.5.5.tgz",
            "integrity": "sha512-cYQ9310grqxueWbl+WuIUIaiUaDcj7WOq5fVhEljNVgRfOUhY9fy2zTvfoqWsnebh8Sl70VScFbICvJnLKB0Og==",
            "dev": true,
            "license": "MIT"
        },
        "node_modules/@msgpackr-extract/msgpackr-extract-darwin-arm64": {
            "version": "3.0.3",
            "cpu": [
                "arm64"
            ],
            "dev": true,
            "license": "MIT",
            "optional": true,
            "os": [
                "darwin"
            ]
        },
        "node_modules/@parcel/watcher": {
            "version": "2.5.6",
            "dev": true,
            "hasInstallScript": true,
            "license": "MIT",
            "dependencies": {
                "detect-libc": "^2.0.3",
                "is-glob": "^4.0.3",
                "node-addon-api": "^7.0.0",
                "picomatch": "^4.0.3"
            },
            "engines": {
                "node": ">= 10.0.0"
            },
            "funding": {
                "type": "opencollective",
                "url": "https://opencollective.com/parcel"
            },
            "optionalDependencies": {
                "@parcel/watcher-android-arm64": "2.5.6",
                "@parcel/watcher-darwin-arm64": "2.5.6",
                "@parcel/watcher-darwin-x64": "2.5.6",
                "@parcel/watcher-freebsd-x64": "2.5.6",
                "@parcel/watcher-linux-arm-glibc": "2.5.6",
                "@parcel/watcher-linux-arm-musl": "2.5.6",
                "@parcel/watcher-linux-arm64-glibc": "2.5.6",
                "@parcel/watcher-linux-arm64-musl": "2.5.6",
                "@parcel/watcher-linux-x64-glibc": "2.5.6",
                "@parcel/watcher-linux-x64-musl": "2.5.6",
                "@parcel/watcher-win32-arm64": "2.5.6",
                "@parcel/watcher-win32-ia32": "2.5.6",
                "@parcel/watcher-win32-x64": "2.5.6"
            }
        },
        "node_modules/@parcel/watcher-darwin-arm64": {
            "version": "2.5.6",
            "cpu": [
                "arm64"
            ],
            "dev": true,
            "license": "MIT",
            "optional": true,
            "os": [
                "darwin"
            ],
            "engines": {
                "node": ">= 10.0.0"
            },
            "funding": {
                "type": "opencollective",
                "url": "https://opencollective.com/parcel"
            }
        },
        "node_modules/@standard-schema/spec": {
            "version": "1.1.0",
            "dev": true,
            "license": "MIT"
        },
        "node_modules/@types/node": {
            "version": "25.2.3",
            "dev": true,
            "license": "MIT",
            "dependencies": {
                "undici-types": "~7.16.0"
            }
        },
        "node_modules/@types/react": {
            "version": "19.2.14",
            "dev": true,
            "license": "MIT",
            "dependencies": {
                "csstype": "^3.2.2"
            }
        },
        "node_modules/@types/react-dom": {
            "version": "19.2.3",
            "dev": true,
            "license": "MIT",
            "peerDependencies": {
                "@types/react": "^19.2.0"
            }
        },
        "node_modules/@vue/compiler-core": {
            "version": "3.5.34",
            "resolved": "https://registry.npmjs.org/@vue/compiler-core/-/compiler-core-3.5.34.tgz",
            "integrity": "sha512-s9cLyK5mLcvZ4Agva5QgRsQyLKvts9WbU9DB6NqiZkkGEdwmcEiylj5Jbwkp680drF/NNCV8OlAJSe+yMLxaJw==",
            "dev": true,
            "license": "MIT",
            "dependencies": {
                "@babel/parser": "^7.29.3",
                "@vue/shared": "3.5.34",
                "entities": "^7.0.1",
                "estree-walker": "^2.0.2",
                "source-map-js": "^1.2.1"
            }
        },
        "node_modules/@vue/compiler-dom": {
            "version": "3.5.34",
            "resolved": "https://registry.npmjs.org/@vue/compiler-dom/-/compiler-dom-3.5.34.tgz",
            "integrity": "sha512-EbF/T++k0e2MMZlJsBhzK8Sgwt0HcIPOhzn1CTB/lv6sQcyk+OWf8YeiLxZp3ro7MbbLcAfAJ6sEvjFWuNgUCw==",
            "dev": true,
            "license": "MIT",
            "dependencies": {
                "@vue/compiler-core": "3.5.34",
                "@vue/shared": "3.5.34"
            }
        },
        "node_modules/@vue/compiler-sfc": {
            "version": "3.5.34",
            "resolved": "https://registry.npmjs.org/@vue/compiler-sfc/-/compiler-sfc-3.5.34.tgz",
            "integrity": "sha512-D/ihr6uZeIt6r+pVZf46RWT1fAsLFMbUP7k8G1VkiiWexriED9GrX3echHd4Abbt17zjlfiFJ8z7a3BxZOPNjg==",
            "dev": true,
            "license": "MIT",
            "dependencies": {
                "@babel/parser": "^7.29.3",
                "@vue/compiler-core": "3.5.34",
                "@vue/compiler-dom": "3.5.34",
                "@vue/compiler-ssr": "3.5.34",
                "@vue/shared": "3.5.34",
                "estree-walker": "^2.0.2",
                "magic-string": "^0.30.21",
                "postcss": "^8.5.14",
                "source-map-js": "^1.2.1"
            }
        },
        "node_modules/@vue/compiler-ssr": {
            "version": "3.5.34",
            "resolved": "https://registry.npmjs.org/@vue/compiler-ssr/-/compiler-ssr-3.5.34.tgz",
            "integrity": "sha512-cDtTHKibkThKGHH1SP+WdccquNRYQDFH6rRjQCqT9G2ltFAfoR5pUftpab/z+aM5mW9HLLVQW7hfKKQe/1GBeQ==",
            "dev": true,
            "license": "MIT",
            "dependencies": {
                "@vue/compiler-dom": "3.5.34",
                "@vue/shared": "3.5.34"
            }
        },
        "node_modules/@vue/reactivity": {
            "version": "3.5.34",
            "resolved": "https://registry.npmjs.org/@vue/reactivity/-/reactivity-3.5.34.tgz",
            "integrity": "sha512-y9XDjCEuBp+98k+UL5dbYkh57AHU4o6cxZedOPXw3bmrZZYLQsVHguGurq7hVrPCSrQtrnz1f9dssyFr+dMXfQ==",
            "dev": true,
            "license": "MIT",
            "dependencies": {
                "@vue/shared": "3.5.34"
            }
        },
        "node_modules/@vue/runtime-core": {
            "version": "3.5.34",
            "resolved": "https://registry.npmjs.org/@vue/runtime-core/-/runtime-core-3.5.34.tgz",
            "integrity": "sha512-mKeBYvu8tcMSLhypAHBmriUFfWXKTCF/23Z4jiCoYK3UtWepkliViNLuR90V9XOyD62mUxs9p1jsrpK3CCGIzw==",
            "dev": true,
            "license": "MIT",
            "dependencies": {
                "@vue/reactivity": "3.5.34",
                "@vue/shared": "3.5.34"
            }
        },
        "node_modules/@vue/runtime-dom": {
            "version": "3.5.34",
            "resolved": "https://registry.npmjs.org/@vue/runtime-dom/-/runtime-dom-3.5.34.tgz",
            "integrity": "sha512-e8kZzERmCwUnBRVsgSQlAfrfU2rGoy0FFKPBXSlfEjc/O3KfA7QP0t1/2ZylrbchjmIKB4dPTd07A6WPr0eOrg==",
            "dev": true,
            "license": "MIT",
            "dependencies": {
                "@vue/reactivity": "3.5.34",
                "@vue/runtime-core": "3.5.34",
                "@vue/shared": "3.5.34",
                "csstype": "^3.2.3"
            }
        },
        "node_modules/@vue/server-renderer": {
            "version": "3.5.34",
            "resolved": "https://registry.npmjs.org/@vue/server-renderer/-/server-renderer-3.5.34.tgz",
            "integrity": "sha512-nHxmJoTrKsmrkbILRhkC9gY1G3moZbJTqCzDd7DOOzG5KH9oeJ0Unqrff5f9v0pW//jES05ZkJcNtfE8JjOIew==",
            "dev": true,
            "license": "MIT",
            "dependencies": {
                "@vue/compiler-ssr": "3.5.34",
                "@vue/shared": "3.5.34"
            },
            "peerDependencies": {
                "vue": "3.5.34"
            }
        },
        "node_modules/@vue/shared": {
            "version": "3.5.34",
            "resolved": "https://registry.npmjs.org/@vue/shared/-/shared-3.5.34.tgz",
            "integrity": "sha512-24uqU4OIiX29ryC3MeWid/Xf2fa2EFRUVLb77nRhk+UrTVrh/XiGtFAFmJBAtBRbjwNdsPRP+jj/OL27Eg1NDA==",
            "dev": true,
            "license": "MIT"
        },
        "node_modules/bun-types": {
            "version": "1.3.13",
            "resolved": "https://registry.npmjs.org/bun-types/-/bun-types-1.3.13.tgz",
            "integrity": "sha512-QXKeHLlOLqQX9LgYaHJfzdBaV21T63HhFJnvuRCcjZiaUDpbs5ED1MgxbMra71CsryN/1dAoXuJJJwIv/2drVA==",
            "dev": true,
            "license": "MIT",
            "dependencies": {
                "@types/node": "*"
            }
        },
        "node_modules/csstype": {
            "version": "3.2.3",
            "dev": true,
            "license": "MIT"
        },
        "node_modules/detect-libc": {
            "version": "2.1.2",
            "dev": true,
            "license": "Apache-2.0",
            "engines": {
                "node": ">=8"
            }
        },
        "node_modules/effect": {
            "version": "3.21.2",
            "dev": true,
            "license": "MIT",
            "dependencies": {
                "@standard-schema/spec": "^1.0.0",
                "fast-check": "^3.23.1"
            }
        },
        "node_modules/entities": {
            "version": "7.0.1",
            "resolved": "https://registry.npmjs.org/entities/-/entities-7.0.1.tgz",
            "integrity": "sha512-TWrgLOFUQTH994YUyl1yT4uyavY5nNB5muff+RtWaqNVCAK408b5ZnnbNAUEWLTCpum9w6arT70i1XdQ4UeOPA==",
            "dev": true,
            "license": "BSD-2-Clause",
            "engines": {
                "node": ">=0.12"
            },
            "funding": {
                "url": "https://github.com/fb55/entities?sponsor=1"
            }
        },
        "node_modules/estree-walker": {
            "version": "2.0.2",
            "resolved": "https://registry.npmjs.org/estree-walker/-/estree-walker-2.0.2.tgz",
            "integrity": "sha512-Rfkk/Mp/DL7JVje3u18FxFujQlTNR2q6QfMSMB7AvCBx91NGj/ba3kCfza0f6dVDbw7YlRf/nDrn7pQrCCyQ/w==",
            "dev": true,
            "license": "MIT"
        },
        "node_modules/fallow": {
            "version": "2.67.0",
            "resolved": "https://registry.npmjs.org/fallow/-/fallow-2.67.0.tgz",
            "integrity": "sha512-Nov3aHZZeilTYUtuC1N+qXUgPTpvqDtOOHa8lbbQzZWLnUxHSNcDp/xyoVHPIEiQxkkV8QIPHA99V+j47GjM0Q==",
            "dev": true,
            "hasInstallScript": true,
            "license": "MIT",
            "dependencies": {
                "detect-libc": "2.1.2"
            },
            "bin": {
                "fallow": "bin/fallow",
                "fallow-lsp": "bin/fallow-lsp",
                "fallow-mcp": "bin/fallow-mcp"
            },
            "engines": {
                "node": ">=16"
            },
            "optionalDependencies": {
                "@fallow-cli/darwin-arm64": "2.67.0",
                "@fallow-cli/darwin-x64": "2.67.0",
                "@fallow-cli/linux-arm64-gnu": "2.67.0",
                "@fallow-cli/linux-arm64-musl": "2.67.0",
                "@fallow-cli/linux-x64-gnu": "2.67.0",
                "@fallow-cli/linux-x64-musl": "2.67.0",
                "@fallow-cli/win32-arm64-msvc": "2.67.0",
                "@fallow-cli/win32-x64-msvc": "2.67.0"
            }
        },
        "node_modules/fast-check": {
            "version": "3.23.2",
            "dev": true,
            "funding": [
                {
                    "type": "individual",
                    "url": "https://github.com/sponsors/dubzzz"
                },
                {
                    "type": "opencollective",
                    "url": "https://opencollective.com/fast-check"
                }
            ],
            "license": "MIT",
            "dependencies": {
                "pure-rand": "^6.1.0"
            },
            "engines": {
                "node": ">=8.0.0"
            }
        },
        "node_modules/fast-string-truncated-width": {
            "version": "3.0.3",
            "dev": true,
            "license": "MIT"
        },
        "node_modules/fast-string-width": {
            "version": "3.0.2",
            "dev": true,
            "license": "MIT",
            "dependencies": {
                "fast-string-truncated-width": "^3.0.2"
            }
        },
        "node_modules/fast-wrap-ansi": {
            "version": "0.2.0",
            "dev": true,
            "license": "MIT",
            "dependencies": {
                "fast-string-width": "^3.0.2"
            }
        },
        "node_modules/find-my-way-ts": {
            "version": "0.1.6",
            "dev": true,
            "license": "MIT"
        },
        "node_modules/ini": {
            "version": "4.1.3",
            "dev": true,
            "license": "ISC",
            "engines": {
                "node": "^14.17.0 || ^16.13.0 || >=18.0.0"
            }
        },
        "node_modules/is-extglob": {
            "version": "2.1.1",
            "dev": true,
            "license": "MIT",
            "engines": {
                "node": ">=0.10.0"
            }
        },
        "node_modules/is-glob": {
            "version": "4.0.3",
            "dev": true,
            "license": "MIT",
            "dependencies": {
                "is-extglob": "^2.1.1"
            },
            "engines": {
                "node": ">=0.10.0"
            }
        },
        "node_modules/kubernetes-types": {
            "version": "1.30.0",
            "dev": true,
            "license": "Apache-2.0",
            "peer": true
        },
        "node_modules/magic-string": {
            "version": "0.30.21",
            "resolved": "https://registry.npmjs.org/magic-string/-/magic-string-0.30.21.tgz",
            "integrity": "sha512-vd2F4YUyEXKGcLHoq+TEyCjxueSeHnFxyyjNp80yg0XV4vUhnDer/lvvlqM/arB5bXQN5K2/3oinyCRyx8T2CQ==",
            "dev": true,
            "license": "MIT",
            "dependencies": {
                "@jridgewell/sourcemap-codec": "^1.5.5"
            }
        },
        "node_modules/mime": {
            "version": "3.0.0",
            "dev": true,
            "license": "MIT",
            "bin": {
                "mime": "cli.js"
            },
            "engines": {
                "node": ">=10.0.0"
            }
        },
        "node_modules/msgpackr": {
            "version": "1.11.12",
            "dev": true,
            "license": "MIT",
            "optionalDependencies": {
                "msgpackr-extract": "^3.0.2"
            }
        },
        "node_modules/msgpackr-extract": {
            "version": "3.0.3",
            "dev": true,
            "hasInstallScript": true,
            "license": "MIT",
            "optional": true,
            "dependencies": {
                "node-gyp-build-optional-packages": "5.2.2"
            },
            "bin": {
                "download-msgpackr-prebuilds": "bin/download-prebuilds.js"
            },
            "optionalDependencies": {
                "@msgpackr-extract/msgpackr-extract-darwin-arm64": "3.0.3",
                "@msgpackr-extract/msgpackr-extract-darwin-x64": "3.0.3",
                "@msgpackr-extract/msgpackr-extract-linux-arm": "3.0.3",
                "@msgpackr-extract/msgpackr-extract-linux-arm64": "3.0.3",
                "@msgpackr-extract/msgpackr-extract-linux-x64": "3.0.3",
                "@msgpackr-extract/msgpackr-extract-win32-x64": "3.0.3"
            }
        },
        "node_modules/multipasta": {
            "version": "0.2.7",
            "dev": true,
            "license": "MIT"
        },
        "node_modules/nanoid": {
            "version": "3.3.12",
            "resolved": "https://registry.npmjs.org/nanoid/-/nanoid-3.3.12.tgz",
            "integrity": "sha512-ZB9RH/39qpq5Vu6Y+NmUaFhQR6pp+M2Xt76XBnEwDaGcVAqhlvxrl3B2bKS5D3NH3QR76v3aSrKaF/Kiy7lEtQ==",
            "dev": true,
            "funding": [
                {
                    "type": "github",
                    "url": "https://github.com/sponsors/ai"
                }
            ],
            "license": "MIT",
            "bin": {
                "nanoid": "bin/nanoid.cjs"
            },
            "engines": {
                "node": "^10 || ^12 || ^13.7 || ^14 || >=15.0.1"
            }
        },
        "node_modules/node-addon-api": {
            "version": "7.1.1",
            "dev": true,
            "license": "MIT"
        },
        "node_modules/node-gyp-build-optional-packages": {
            "version": "5.2.2",
            "dev": true,
            "license": "MIT",
            "optional": true,
            "dependencies": {
                "detect-libc": "^2.0.1"
            },
            "bin": {
                "node-gyp-build-optional-packages": "bin.js",
                "node-gyp-build-optional-packages-optional": "optional.js",
                "node-gyp-build-optional-packages-test": "build-test.js"
            }
        },
        "node_modules/picocolors": {
            "version": "1.1.1",
            "resolved": "https://registry.npmjs.org/picocolors/-/picocolors-1.1.1.tgz",
            "integrity": "sha512-xceH2snhtb5M9liqDsmEw56le376mTZkEX/jEb/RxNFyegNul7eNslCXP9FDj/Lcu0X8KEyMceP2ntpaHrDEVA==",
            "dev": true,
            "license": "ISC"
        },
        "node_modules/picomatch": {
            "version": "4.0.4",
            "dev": true,
            "license": "MIT",
            "engines": {
                "node": ">=12"
            },
            "funding": {
                "url": "https://github.com/sponsors/jonschlinkert"
            }
        },
        "node_modules/postcss": {
            "version": "8.5.14",
            "resolved": "https://registry.npmjs.org/postcss/-/postcss-8.5.14.tgz",
            "integrity": "sha512-SoSL4+OSEtR99LHFZQiJLkT59C5B1amGO1NzTwj7TT1qCUgUO6hxOvzkOYxD+vMrXBM3XJIKzokoERdqQq/Zmg==",
            "dev": true,
            "funding": [
                {
                    "type": "opencollective",
                    "url": "https://opencollective.com/postcss/"
                },
                {
                    "type": "tidelift",
                    "url": "https://tidelift.com/funding/github/npm/postcss"
                },
                {
                    "type": "github",
                    "url": "https://github.com/sponsors/ai"
                }
            ],
            "license": "MIT",
            "dependencies": {
                "nanoid": "^3.3.11",
                "picocolors": "^1.1.1",
                "source-map-js": "^1.2.1"
            },
            "engines": {
                "node": "^10 || ^12 || >=14"
            }
        },
        "node_modules/pure-rand": {
            "version": "6.1.0",
            "dev": true,
            "funding": [
                {
                    "type": "individual",
                    "url": "https://github.com/sponsors/dubzzz"
                },
                {
                    "type": "opencollective",
                    "url": "https://opencollective.com/fast-check"
                }
            ],
            "license": "MIT"
        },
        "node_modules/reflect-metadata": {
            "version": "0.2.2",
            "license": "Apache-2.0",
            "peer": true
        },
        "node_modules/seroval": {
            "version": "1.5.0",
            "dev": true,
            "license": "MIT",
            "engines": {
                "node": ">=10"
            }
        },
        "node_modules/seroval-plugins": {
            "version": "1.5.0",
            "dev": true,
            "license": "MIT",
            "engines": {
                "node": ">=10"
            },
            "peerDependencies": {
                "seroval": "^1.0"
            }
        },
        "node_modules/sisteransi": {
            "version": "1.0.5",
            "dev": true,
            "license": "MIT"
        },
        "node_modules/solid-js": {
            "version": "1.9.12",
            "resolved": "https://registry.npmjs.org/solid-js/-/solid-js-1.9.12.tgz",
            "integrity": "sha512-QzKaSJq2/iDrWR1As6MHZQ8fQkdOBf8GReYb7L5iKwMGceg7HxDcaOHk0at66tNgn9U2U7dXo8ZZpLIAmGMzgw==",
            "dev": true,
            "license": "MIT",
            "dependencies": {
                "csstype": "^3.1.0",
                "seroval": "~1.5.0",
                "seroval-plugins": "~1.5.0"
            }
        },
        "node_modules/source-map-js": {
            "version": "1.2.1",
            "resolved": "https://registry.npmjs.org/source-map-js/-/source-map-js-1.2.1.tgz",
            "integrity": "sha512-UXWMKhLOwVKb728IUtQPXxfYU+usdybtUrK/8uGE8CQMvrhOpwvzDBwj0QhSL7MQc7vIsISBG8VQ8+IDQxpfQA==",
            "dev": true,
            "license": "BSD-3-Clause",
            "engines": {
                "node": ">=0.10.0"
            }
        },
        "node_modules/toml": {
            "version": "3.0.0",
            "dev": true,
            "license": "MIT"
        },
        "node_modules/undici": {
            "version": "7.25.0",
            "dev": true,
            "license": "MIT",
            "engines": {
                "node": ">=20.18.1"
            }
        },
        "node_modules/undici-types": {
            "version": "7.16.0",
            "dev": true,
            "license": "MIT"
        },
        "node_modules/uuid": {
            "version": "11.1.1",
            "dev": true,
            "funding": [
                "https://github.com/sponsors/broofa",
                "https://github.com/sponsors/ctavan"
            ],
            "license": "MIT",
            "peer": true,
            "bin": {
                "uuid": "dist/esm/bin/uuid"
            }
        },
        "node_modules/vue": {
            "version": "3.5.34",
            "resolved": "https://registry.npmjs.org/vue/-/vue-3.5.34.tgz",
            "integrity": "sha512-WdLBG9gm02OgJIG9axd5Hpx0TFLdzVgfG2evFFu8Rur5O/IoGc5cMjnjh3tPL6GnRGsYvUhBSKVPYVcxRKpMCA==",
            "dev": true,
            "license": "MIT",
            "dependencies": {
                "@vue/compiler-dom": "3.5.34",
                "@vue/compiler-sfc": "3.5.34",
                "@vue/runtime-dom": "3.5.34",
                "@vue/server-renderer": "3.5.34",
                "@vue/shared": "3.5.34"
            },
            "peerDependencies": {
                "typescript": "*"
            },
            "peerDependenciesMeta": {
                "typescript": {
                    "optional": true
                }
            }
        },
        "node_modules/ws": {
            "version": "8.20.0",
            "dev": true,
            "license": "MIT",
            "engines": {
                "node": ">=10.0.0"
            },
            "peerDependencies": {
                "bufferutil": "^4.0.1",
                "utf-8-validate": ">=5.0.2"
            },
            "peerDependenciesMeta": {
                "bufferutil": {
                    "optional": true
                },
                "utf-8-validate": {
                    "optional": true
                }
            }
        },
        "node_modules/yaml": {
            "version": "2.8.4",
            "dev": true,
            "license": "ISC",
            "bin": {
                "yaml": "bin.mjs"
            },
            "engines": {
                "node": ">= 14.6"
            },
            "funding": {
                "url": "https://github.com/sponsors/eemeli"
            }
        }
    }
}
